
Microsoft Visual Studio Solution File, Format Version 12.00
# Visual Studio Version 17
VisualStudioVersion = 17.11.35208.52
MinimumVisualStudioVersion = 10.0.40219.1
Project("{FAE04EC0-301F-11D3-BF4B-00C04F79EFBC}") = "Keymapping", "Keymapping.csproj", "{47911887-A0C4-445C-A84F-3CE97AC55BD2}"
EndProject
Global
	GlobalSection(SolutionConfigurationPlatforms) = preSolution
		Debug|Any CPU = Debug|Any CPU
		Release|Any CPU = Release|Any CPU
	EndGlobalSection
	GlobalSection(ProjectConfigurationPlatforms) = postSolution
		{47911887-A0C4-445C-A84F-3CE97AC55BD2}.Debug|Any CPU.ActiveCfg = Debug|Any CPU
		{47911887-A0C4-445C-A84F-3CE97AC55BD2}.Debug|Any CPU.Build.0 = Debug|Any CPU
		{47911887-A0C4-445C-A84F-3CE97AC55BD2}.Release|Any CPU.ActiveCfg = Release|Any CPU
		{47911887-A0C4-445C-A84F-3CE97AC55BD2}.Release|Any CPU.Build.0 = Release|Any CPU
	EndGlobalSection
	GlobalSection(SolutionProperties) = preSolution
		HideSolutionNode = FALSE
	EndGlobalSection
	GlobalSection(ExtensibilityGlobals) = postSolution
		SolutionGuid = {5EDAE4A5-1BDB-4631-B12B-33E8E76FF5DC}
	EndGlobalSection
EndGlobal
